// !$*UTF8*$!
{
	archiveVersion = 1;
	classes = {
	};
	objectVersion = 51;
	objects = {

/* Begin PBXBuildFile section */
		516DFA712321D0150056A40B /* LaunchScreen.storyboard in Resources */ = {isa = PBXBuildFile; fileRef = F04071D52319BB640023E5E2 /* LaunchScreen.storyboard */; };
		A026ACFF22F029F70099DD30 /* ConfirmationPage.swift in Sources */ = {isa = PBXBuildFile; fileRef = A026ACFE22F029F70099DD30 /* ConfirmationPage.swift */; };
		A084301D22C88E48004492F5 /* ListVolunteer.swift in Sources */ = {isa = PBXBuildFile; fileRef = A084301C22C88E48004492F5 /* ListVolunteer.swift */; };
		A0A5A43222F270EB00828452 /* LogInEnvironment.swift in Sources */ = {isa = PBXBuildFile; fileRef = A0A5A43122F270EB00828452 /* LogInEnvironment.swift */; };
		A0E1729422F1120E0065186B /* IntroPage.swift in Sources */ = {isa = PBXBuildFile; fileRef = A0E1729322F1120E0065186B /* IntroPage.swift */; };
		A0F6686422C5D65700A54C3B /* GoogleService-Info.plist in Resources */ = {isa = PBXBuildFile; fileRef = A0F6686322C5D65700A54C3B /* GoogleService-Info.plist */; };
		E911D0C1222DBBDE000B7BB4 /* ProfileViewController.swift in Sources */ = {isa = PBXBuildFile; fileRef = E911D0C0222DBBDE000B7BB4 /* ProfileViewController.swift */; };
		E911D0C32232C80D000B7BB4 /* HomeViewController.swift in Sources */ = {isa = PBXBuildFile; fileRef = E911D0C22232C80D000B7BB4 /* HomeViewController.swift */; };
		E911D0E9223965AB000B7BB4 /* ViewController.swift in Sources */ = {isa = PBXBuildFile; fileRef = E911D0E8223965AB000B7BB4 /* ViewController.swift */; };
		E911D0EE224016E5000B7BB4 /* ResetPassword.swift in Sources */ = {isa = PBXBuildFile; fileRef = E911D0ED224016E5000B7BB4 /* ResetPassword.swift */; };
		E911D0F02241CBFD000B7BB4 /* VolunteerSignup.swift in Sources */ = {isa = PBXBuildFile; fileRef = E911D0EF2241CBFD000B7BB4 /* VolunteerSignup.swift */; };
		E9138B69220BBF1300C6F1E0 /* AppDelegate.swift in Sources */ = {isa = PBXBuildFile; fileRef = E9138B68220BBF1300C6F1E0 /* AppDelegate.swift */; };
		E9138B6B220BBF1300C6F1E0 /* FirstViewController.swift in Sources */ = {isa = PBXBuildFile; fileRef = E9138B6A220BBF1300C6F1E0 /* FirstViewController.swift */; };
		E9138B6D220BBF1300C6F1E0 /* SecondViewController.swift in Sources */ = {isa = PBXBuildFile; fileRef = E9138B6C220BBF1300C6F1E0 /* SecondViewController.swift */; };
		E97F46282225D552000CC40E /* EventSection.swift in Sources */ = {isa = PBXBuildFile; fileRef = E97F46272225D552000CC40E /* EventSection.swift */; };
		E97F462A2228C79C000CC40E /* Model.swift in Sources */ = {isa = PBXBuildFile; fileRef = E97F46292228C79C000CC40E /* Model.swift */; };
		E98F285F224BC5FD00879CBF /* NavigationBar.swift in Sources */ = {isa = PBXBuildFile; fileRef = E98F285E224BC5FD00879CBF /* NavigationBar.swift */; };
		F0256D4F603062496BC7AEEF /* Pods_Santrapol_UA.framework in Frameworks */ = {isa = PBXBuildFile; fileRef = DD8DB101E802B7351B05F275 /* Pods_Santrapol_UA.framework */; };
		F04071C42319B9D00023E5E2 /* BottomSheetViewController.swift in Sources */ = {isa = PBXBuildFile; fileRef = F04071C32319B9D00023E5E2 /* BottomSheetViewController.swift */; };
		F04071C62319B9E80023E5E2 /* CalenderVC.swift in Sources */ = {isa = PBXBuildFile; fileRef = F04071C52319B9E80023E5E2 /* CalenderVC.swift */; };
		F04071CE2319BAEC0023E5E2 /* SimpleTableCell.swift in Sources */ = {isa = PBXBuildFile; fileRef = F04071C82319BAEC0023E5E2 /* SimpleTableCell.swift */; };
		F04071CF2319BAEC0023E5E2 /* CalenderView.swift in Sources */ = {isa = PBXBuildFile; fileRef = F04071C92319BAEC0023E5E2 /* CalenderView.swift */; };
		F04071D02319BAEC0023E5E2 /* MonthView.swift in Sources */ = {isa = PBXBuildFile; fileRef = F04071CA2319BAEC0023E5E2 /* MonthView.swift */; };
		F04071D32319BAEC0023E5E2 /* WeekdaysView.swift in Sources */ = {isa = PBXBuildFile; fileRef = F04071CD2319BAEC0023E5E2 /* WeekdaysView.swift */; };
		F04071DA2319BB640023E5E2 /* Main.storyboard in Resources */ = {isa = PBXBuildFile; fileRef = F04071D72319BB640023E5E2 /* Main.storyboard */; };
		F04071E32319BD260023E5E2 /* Artwork.swift in Sources */ = {isa = PBXBuildFile; fileRef = F04071DF2319BD260023E5E2 /* Artwork.swift */; };
		F04071E42319BD260023E5E2 /* CollectionViewCell.swift in Sources */ = {isa = PBXBuildFile; fileRef = F04071E02319BD260023E5E2 /* CollectionViewCell.swift */; };
		F04071E52319BD260023E5E2 /* CellNames.swift in Sources */ = {isa = PBXBuildFile; fileRef = F04071E12319BD260023E5E2 /* CellNames.swift */; };
		F04071E62319BD260023E5E2 /* HomePage.swift in Sources */ = {isa = PBXBuildFile; fileRef = F04071E22319BD260023E5E2 /* HomePage.swift */; };
		F042692D22FBDD9A00A0594F /* ContactPage.swift in Sources */ = {isa = PBXBuildFile; fileRef = F042692C22FBDD9A00A0594F /* ContactPage.swift */; };
		F07AB1902319C7CA00BEF434 /* Assets.xcassets in Resources */ = {isa = PBXBuildFile; fileRef = F07AB18F2319C7CA00BEF434 /* Assets.xcassets */; };
		F097073523184D61002AE653 /* UnlockCode.swift in Sources */ = {isa = PBXBuildFile; fileRef = F097073423184D61002AE653 /* UnlockCode.swift */; };
		F0C9EC6D233998E200C660A5 /* BottomSheetController.swift in Sources */ = {isa = PBXBuildFile; fileRef = F0C9EC6C233998E200C660A5 /* BottomSheetController.swift */; };
		F0C9EC6E233998E200C660A5 /* Extensions.swift in Sources */ = {isa = PBXBuildFile; fileRef = F0C9EC6A233998E200C660A5 /* Extensions.swift */; };
		F0C9EC6F233998E200C660A5 /* Pannable.swift in Sources */ = {isa = PBXBuildFile; fileRef = F0C9EC6B233998E200C660A5 /* Pannable.swift */; };
		F0DBC1312319B63E0042453E /* previous@2x.png in Resources */ = {isa = PBXBuildFile; fileRef = F0DBC12B2319B63E0042453E /* previous@2x.png */; };
		F0DBC1322319B63E0042453E /* previous@3x.png in Resources */ = {isa = PBXBuildFile; fileRef = F0DBC12C2319B63E0042453E /* previous@3x.png */; };
		F0DBC1332319B63E0042453E /* next.png in Resources */ = {isa = PBXBuildFile; fileRef = F0DBC12D2319B63E0042453E /* next.png */; };
		F0DBC1342319B63E0042453E /* next@2x.png in Resources */ = {isa = PBXBuildFile; fileRef = F0DBC12E2319B63E0042453E /* next@2x.png */; };
		F0DBC1352319B63E0042453E /* next@3x.png in Resources */ = {isa = PBXBuildFile; fileRef = F0DBC12F2319B63E0042453E /* next@3x.png */; };
		F0DBC1362319B63E0042453E /* previous.png in Resources */ = {isa = PBXBuildFile; fileRef = F0DBC1302319B63E0042453E /* previous.png */; };
/* End PBXBuildFile section */

/* Begin PBXFileReference section */
		1081E7A98A95B7EEC9482BC8 /* Pods-Santrapol_UA.debug.xcconfig */ = {isa = PBXFileReference; includeInIndex = 1; lastKnownFileType = text.xcconfig; name = "Pods-Santrapol_UA.debug.xcconfig"; path = "Pods/Target Support Files/Pods-Santrapol_UA/Pods-Santrapol_UA.debug.xcconfig"; sourceTree = "<group>"; };
		51A3CFA5233FDEFE0094740E /* fr */ = {isa = PBXFileReference; lastKnownFileType = text.plist.strings; name = fr; path = fr.lproj/LaunchScreen.strings; sourceTree = "<group>"; };
		51A3CFA6233FDEFF0094740E /* fr */ = {isa = PBXFileReference; lastKnownFileType = text.plist.strings; name = fr; path = fr.lproj/Main.strings; sourceTree = "<group>"; };
		A026ACFE22F029F70099DD30 /* ConfirmationPage.swift */ = {isa = PBXFileReference; lastKnownFileType = sourcecode.swift; path = ConfirmationPage.swift; sourceTree = "<group>"; };
		A084301C22C88E48004492F5 /* ListVolunteer.swift */ = {isa = PBXFileReference; lastKnownFileType = sourcecode.swift; name = ListVolunteer.swift; path = "New Group/ListVolunteer.swift"; sourceTree = "<group>"; };
		A0A5A43122F270EB00828452 /* LogInEnvironment.swift */ = {isa = PBXFileReference; lastKnownFileType = sourcecode.swift; path = LogInEnvironment.swift; sourceTree = "<group>"; };
		A0E1729322F1120E0065186B /* IntroPage.swift */ = {isa = PBXFileReference; lastKnownFileType = sourcecode.swift; path = IntroPage.swift; sourceTree = "<group>"; };
		A0F6686322C5D65700A54C3B /* GoogleService-Info.plist */ = {isa = PBXFileReference; fileEncoding = 4; lastKnownFileType = text.plist.xml; path = "GoogleService-Info.plist"; sourceTree = "<group>"; };
		DD8DB101E802B7351B05F275 /* Pods_Santrapol_UA.framework */ = {isa = PBXFileReference; explicitFileType = wrapper.framework; includeInIndex = 0; path = Pods_Santrapol_UA.framework; sourceTree = BUILT_PRODUCTS_DIR; };
		E46FE4A73F4C825EB35B7D1D /* Pods-Santrapol_UA.release.xcconfig */ = {isa = PBXFileReference; includeInIndex = 1; lastKnownFileType = text.xcconfig; name = "Pods-Santrapol_UA.release.xcconfig"; path = "Pods/Target Support Files/Pods-Santrapol_UA/Pods-Santrapol_UA.release.xcconfig"; sourceTree = "<group>"; };
		E911D0C0222DBBDE000B7BB4 /* ProfileViewController.swift */ = {isa = PBXFileReference; lastKnownFileType = sourcecode.swift; path = ProfileViewController.swift; sourceTree = "<group>"; };
		E911D0C22232C80D000B7BB4 /* HomeViewController.swift */ = {isa = PBXFileReference; lastKnownFileType = sourcecode.swift; path = HomeViewController.swift; sourceTree = "<group>"; };
		E911D0E8223965AB000B7BB4 /* ViewController.swift */ = {isa = PBXFileReference; lastKnownFileType = sourcecode.swift; path = ViewController.swift; sourceTree = "<group>"; };
		E911D0ED224016E5000B7BB4 /* ResetPassword.swift */ = {isa = PBXFileReference; lastKnownFileType = sourcecode.swift; path = ResetPassword.swift; sourceTree = "<group>"; };
		E911D0EF2241CBFD000B7BB4 /* VolunteerSignup.swift */ = {isa = PBXFileReference; lastKnownFileType = sourcecode.swift; path = VolunteerSignup.swift; sourceTree = "<group>"; };
		E9138B65220BBF1300C6F1E0 /* Santrapol_UA.app */ = {isa = PBXFileReference; explicitFileType = wrapper.application; includeInIndex = 0; path = Santrapol_UA.app; sourceTree = BUILT_PRODUCTS_DIR; };
		E9138B68220BBF1300C6F1E0 /* AppDelegate.swift */ = {isa = PBXFileReference; lastKnownFileType = sourcecode.swift; path = AppDelegate.swift; sourceTree = "<group>"; };
		E9138B6A220BBF1300C6F1E0 /* FirstViewController.swift */ = {isa = PBXFileReference; lastKnownFileType = sourcecode.swift; path = FirstViewController.swift; sourceTree = "<group>"; };
		E9138B6C220BBF1300C6F1E0 /* SecondViewController.swift */ = {isa = PBXFileReference; lastKnownFileType = sourcecode.swift; path = SecondViewController.swift; sourceTree = "<group>"; };
		E9138B76220BBF1700C6F1E0 /* Info.plist */ = {isa = PBXFileReference; lastKnownFileType = text.plist.xml; path = Info.plist; sourceTree = "<group>"; };
		E97F46272225D552000CC40E /* EventSection.swift */ = {isa = PBXFileReference; lastKnownFileType = sourcecode.swift; path = EventSection.swift; sourceTree = "<group>"; };
		E97F46292228C79C000CC40E /* Model.swift */ = {isa = PBXFileReference; lastKnownFileType = sourcecode.swift; path = Model.swift; sourceTree = "<group>"; };
		E98F285E224BC5FD00879CBF /* NavigationBar.swift */ = {isa = PBXFileReference; lastKnownFileType = sourcecode.swift; path = NavigationBar.swift; sourceTree = "<group>"; };
		F04071C32319B9D00023E5E2 /* BottomSheetViewController.swift */ = {isa = PBXFileReference; fileEncoding = 4; lastKnownFileType = sourcecode.swift; name = BottomSheetViewController.swift; path = Santrapol_UA/Controller/BottomSheetViewController.swift; sourceTree = SOURCE_ROOT; };
		F04071C52319B9E80023E5E2 /* CalenderVC.swift */ = {isa = PBXFileReference; fileEncoding = 4; lastKnownFileType = sourcecode.swift; name = CalenderVC.swift; path = Santrapol_UA/Controller/CalenderVC.swift; sourceTree = SOURCE_ROOT; };
		F04071C82319BAEC0023E5E2 /* SimpleTableCell.swift */ = {isa = PBXFileReference; fileEncoding = 4; lastKnownFileType = sourcecode.swift; path = SimpleTableCell.swift; sourceTree = "<group>"; };
		F04071C92319BAEC0023E5E2 /* CalenderView.swift */ = {isa = PBXFileReference; fileEncoding = 4; lastKnownFileType = sourcecode.swift; path = CalenderView.swift; sourceTree = "<group>"; };
		F04071CA2319BAEC0023E5E2 /* MonthView.swift */ = {isa = PBXFileReference; fileEncoding = 4; lastKnownFileType = sourcecode.swift; path = MonthView.swift; sourceTree = "<group>"; };
		F04071CD2319BAEC0023E5E2 /* WeekdaysView.swift */ = {isa = PBXFileReference; fileEncoding = 4; lastKnownFileType = sourcecode.swift; path = WeekdaysView.swift; sourceTree = "<group>"; };
		F04071D62319BB640023E5E2 /* Base */ = {isa = PBXFileReference; lastKnownFileType = file.storyboard; name = Base; path = Base.lproj/LaunchScreen.storyboard; sourceTree = "<group>"; };
		F04071D82319BB640023E5E2 /* Base */ = {isa = PBXFileReference; lastKnownFileType = file.storyboard; name = Base; path = Base.lproj/Main.storyboard; sourceTree = "<group>"; };
		F04071DF2319BD260023E5E2 /* Artwork.swift */ = {isa = PBXFileReference; fileEncoding = 4; lastKnownFileType = sourcecode.swift; path = Artwork.swift; sourceTree = "<group>"; };
		F04071E02319BD260023E5E2 /* CollectionViewCell.swift */ = {isa = PBXFileReference; fileEncoding = 4; lastKnownFileType = sourcecode.swift; path = CollectionViewCell.swift; sourceTree = "<group>"; };
		F04071E12319BD260023E5E2 /* CellNames.swift */ = {isa = PBXFileReference; fileEncoding = 4; lastKnownFileType = sourcecode.swift; path = CellNames.swift; sourceTree = "<group>"; };
		F04071E22319BD260023E5E2 /* HomePage.swift */ = {isa = PBXFileReference; fileEncoding = 4; lastKnownFileType = sourcecode.swift; path = HomePage.swift; sourceTree = "<group>"; };
		F042692C22FBDD9A00A0594F /* ContactPage.swift */ = {isa = PBXFileReference; lastKnownFileType = sourcecode.swift; path = ContactPage.swift; sourceTree = "<group>"; };
		F07AB18F2319C7CA00BEF434 /* Assets.xcassets */ = {isa = PBXFileReference; lastKnownFileType = folder.assetcatalog; path = Assets.xcassets; sourceTree = "<group>"; };
		F097073423184D61002AE653 /* UnlockCode.swift */ = {isa = PBXFileReference; lastKnownFileType = sourcecode.swift; path = UnlockCode.swift; sourceTree = "<group>"; };
		F0C9EC6A233998E200C660A5 /* Extensions.swift */ = {isa = PBXFileReference; lastKnownFileType = sourcecode.swift; name = Extensions.swift; path = ../Pods/UBottomSheet/UBottomSheet/Classes/Extensions.swift; sourceTree = "<group>"; };
		F0C9EC6B233998E200C660A5 /* Pannable.swift */ = {isa = PBXFileReference; lastKnownFileType = sourcecode.swift; name = Pannable.swift; path = ../Pods/UBottomSheet/UBottomSheet/Classes/Pannable.swift; sourceTree = "<group>"; };
		F0C9EC6C233998E200C660A5 /* BottomSheetController.swift */ = {isa = PBXFileReference; lastKnownFileType = sourcecode.swift; name = BottomSheetController.swift; path = ../Pods/UBottomSheet/UBottomSheet/Classes/BottomSheetController.swift; sourceTree = "<group>"; };
		F0DBC12B2319B63E0042453E /* previous@2x.png */ = {isa = PBXFileReference; lastKnownFileType = image.png; path = "previous@2x.png"; sourceTree = "<group>"; };
		F0DBC12C2319B63E0042453E /* previous@3x.png */ = {isa = PBXFileReference; lastKnownFileType = image.png; path = "previous@3x.png"; sourceTree = "<group>"; };
		F0DBC12D2319B63E0042453E /* next.png */ = {isa = PBXFileReference; lastKnownFileType = image.png; path = next.png; sourceTree = "<group>"; };
		F0DBC12E2319B63E0042453E /* next@2x.png */ = {isa = PBXFileReference; lastKnownFileType = image.png; path = "next@2x.png"; sourceTree = "<group>"; };
		F0DBC12F2319B63E0042453E /* next@3x.png */ = {isa = PBXFileReference; lastKnownFileType = image.png; path = "next@3x.png"; sourceTree = "<group>"; };
		F0DBC1302319B63E0042453E /* previous.png */ = {isa = PBXFileReference; lastKnownFileType = image.png; path = previous.png; sourceTree = "<group>"; };
/* End PBXFileReference section */

/* Begin PBXFrameworksBuildPhase section */
		E9138B62220BBF1300C6F1E0 /* Frameworks */ = {
			isa = PBXFrameworksBuildPhase;
			buildActionMask = 2147483647;
			files = (
				F0256D4F603062496BC7AEEF /* Pods_Santrapol_UA.framework in Frameworks */,
			);
			runOnlyForDeploymentPostprocessing = 0;
		};
/* End PBXFrameworksBuildPhase section */

/* Begin PBXGroup section */
		CB383893EDAA2A605C05DF9F /* Pods */ = {
			isa = PBXGroup;
			children = (
				1081E7A98A95B7EEC9482BC8 /* Pods-Santrapol_UA.debug.xcconfig */,
				E46FE4A73F4C825EB35B7D1D /* Pods-Santrapol_UA.release.xcconfig */,
			);
			name = Pods;
			sourceTree = "<group>";
		};
		E911D0EA223B207E000B7BB4 /* Model */ = {
			isa = PBXGroup;
			children = (
				E97F46292228C79C000CC40E /* Model.swift */,
				E98F285E224BC5FD00879CBF /* NavigationBar.swift */,
			);
			path = Model;
			sourceTree = "<group>";
		};
		E9138B5C220BBF1300C6F1E0 = {
			isa = PBXGroup;
			children = (
				E9138B67220BBF1300C6F1E0 /* Santrapol_UA */,
				E9138B66220BBF1300C6F1E0 /* Products */,
				CB383893EDAA2A605C05DF9F /* Pods */,
				FFA878B2639567468D28C27F /* Frameworks */,
			);
			sourceTree = "<group>";
		};
		E9138B66220BBF1300C6F1E0 /* Products */ = {
			isa = PBXGroup;
			children = (
				E9138B65220BBF1300C6F1E0 /* Santrapol_UA.app */,
			);
			name = Products;
			sourceTree = "<group>";
		};
		E9138B67220BBF1300C6F1E0 /* Santrapol_UA */ = {
			isa = PBXGroup;
			children = (
				E911D0EA223B207E000B7BB4 /* Model */,
				F0DBC12A2319B63E0042453E /* Image */,
				F0AC7A3D2319A49D0014C91C /* Calendar Controllers */,
				F04071C72319BAEC0023E5E2 /* Calendar Underlying */,
				F04071D42319BB640023E5E2 /* StoryBoards */,
				F0C9EC6C233998E200C660A5 /* BottomSheetController.swift */,
				F0C9EC6A233998E200C660A5 /* Extensions.swift */,
				F0C9EC6B233998E200C660A5 /* Pannable.swift */,
				A026ACFE22F029F70099DD30 /* ConfirmationPage.swift */,
				F042692C22FBDD9A00A0594F /* ContactPage.swift */,
				A0A5A43122F270EB00828452 /* LogInEnvironment.swift */,
				A0E1729322F1120E0065186B /* IntroPage.swift */,
				F097073423184D61002AE653 /* UnlockCode.swift */,
				E9138B68220BBF1300C6F1E0 /* AppDelegate.swift */,
				E911D0C0222DBBDE000B7BB4 /* ProfileViewController.swift */,
				A084301C22C88E48004492F5 /* ListVolunteer.swift */,
				E9138B6A220BBF1300C6F1E0 /* FirstViewController.swift */,
				E911D0E8223965AB000B7BB4 /* ViewController.swift */,
				E9138B6C220BBF1300C6F1E0 /* SecondViewController.swift */,
				E911D0EF2241CBFD000B7BB4 /* VolunteerSignup.swift */,
				E911D0ED224016E5000B7BB4 /* ResetPassword.swift */,
				E911D0C22232C80D000B7BB4 /* HomeViewController.swift */,
				E97F46272225D552000CC40E /* EventSection.swift */,
				F04071DF2319BD260023E5E2 /* Artwork.swift */,
				F04071E12319BD260023E5E2 /* CellNames.swift */,
				F04071E02319BD260023E5E2 /* CollectionViewCell.swift */,
				F04071E22319BD260023E5E2 /* HomePage.swift */,
				F07AB18F2319C7CA00BEF434 /* Assets.xcassets */,
				E9138B76220BBF1700C6F1E0 /* Info.plist */,
				A0F6686322C5D65700A54C3B /* GoogleService-Info.plist */,
			);
			path = Santrapol_UA;
			sourceTree = "<group>";
		};
		F04071C72319BAEC0023E5E2 /* Calendar Underlying */ = {
			isa = PBXGroup;
			children = (
				F04071C82319BAEC0023E5E2 /* SimpleTableCell.swift */,
				F04071C92319BAEC0023E5E2 /* CalenderView.swift */,
				F04071CA2319BAEC0023E5E2 /* MonthView.swift */,
				F04071CD2319BAEC0023E5E2 /* WeekdaysView.swift */,
			);
			path = "Calendar Underlying";
			sourceTree = "<group>";
		};
		F04071D42319BB640023E5E2 /* StoryBoards */ = {
			isa = PBXGroup;
			children = (
				F04071D52319BB640023E5E2 /* LaunchScreen.storyboard */,
				F04071D72319BB640023E5E2 /* Main.storyboard */,
			);
			path = StoryBoards;
			sourceTree = "<group>";
		};
		F0AC7A3D2319A49D0014C91C /* Calendar Controllers */ = {
			isa = PBXGroup;
			children = (
				F04071C32319B9D00023E5E2 /* BottomSheetViewController.swift */,
				F04071C52319B9E80023E5E2 /* CalenderVC.swift */,
			);
			name = "Calendar Controllers";
			path = "Santrapol_UA/Calendar Controllers";
			sourceTree = SOURCE_ROOT;
		};
		F0DBC12A2319B63E0042453E /* Image */ = {
			isa = PBXGroup;
			children = (
				F0DBC12B2319B63E0042453E /* previous@2x.png */,
				F0DBC12C2319B63E0042453E /* previous@3x.png */,
				F0DBC12D2319B63E0042453E /* next.png */,
				F0DBC12E2319B63E0042453E /* next@2x.png */,
				F0DBC12F2319B63E0042453E /* next@3x.png */,
				F0DBC1302319B63E0042453E /* previous.png */,
			);
			path = Image;
			sourceTree = "<group>";
		};
		FFA878B2639567468D28C27F /* Frameworks */ = {
			isa = PBXGroup;
			children = (
				DD8DB101E802B7351B05F275 /* Pods_Santrapol_UA.framework */,
			);
			name = Frameworks;
			sourceTree = "<group>";
		};
/* End PBXGroup section */

/* Begin PBXNativeTarget section */
		E9138B64220BBF1300C6F1E0 /* Santrapol_UA */ = {
			isa = PBXNativeTarget;
			buildConfigurationList = E9138B79220BBF1700C6F1E0 /* Build configuration list for PBXNativeTarget "Santrapol_UA" */;
			buildPhases = (
				C2C83E67D5301CDD4D14C42F /* [CP] Check Pods Manifest.lock */,
				E9138B61220BBF1300C6F1E0 /* Sources */,
				E9138B62220BBF1300C6F1E0 /* Frameworks */,
				E9138B63220BBF1300C6F1E0 /* Resources */,
				4009594ADFF20C5BD58C9AD8 /* [CP] Embed Pods Frameworks */,
				F912D4248917D69CB1841D92 /* [CP] Copy Pods Resources */,
			);
			buildRules = (
			);
			dependencies = (
			);
			name = Santrapol_UA;
			productName = Santrapol_UA;
			productReference = E9138B65220BBF1300C6F1E0 /* Santrapol_UA.app */;
			productType = "com.apple.product-type.application";
		};
/* End PBXNativeTarget section */

/* Begin PBXProject section */
		E9138B5D220BBF1300C6F1E0 /* Project object */ = {
			isa = PBXProject;
			attributes = {
				LastSwiftUpdateCheck = 1010;
				LastUpgradeCheck = 1010;
				ORGANIZATIONNAME = "Anshul Manocha";
				TargetAttributes = {
					E9138B64220BBF1300C6F1E0 = {
						CreatedOnToolsVersion = 10.1;
					};
				};
			};
			buildConfigurationList = E9138B60220BBF1300C6F1E0 /* Build configuration list for PBXProject "Santrapol_UA" */;
			compatibilityVersion = "Xcode 9.3";
			developmentRegion = en;
			hasScannedForEncodings = 0;
			knownRegions = (
				en,
				Base,
				fr,
			);
			mainGroup = E9138B5C220BBF1300C6F1E0;
			productRefGroup = E9138B66220BBF1300C6F1E0 /* Products */;
			projectDirPath = "";
			projectRoot = "";
			targets = (
				E9138B64220BBF1300C6F1E0 /* Santrapol_UA */,
			);
		};
/* End PBXProject section */

/* Begin PBXResourcesBuildPhase section */
		E9138B63220BBF1300C6F1E0 /* Resources */ = {
			isa = PBXResourcesBuildPhase;
			buildActionMask = 2147483647;
			files = (
				F04071DA2319BB640023E5E2 /* Main.storyboard in Resources */,
				F0DBC1332319B63E0042453E /* next.png in Resources */,
				F0DBC1362319B63E0042453E /* previous.png in Resources */,
				516DFA712321D0150056A40B /* LaunchScreen.storyboard in Resources */,
				F07AB1902319C7CA00BEF434 /* Assets.xcassets in Resources */,
				A0F6686422C5D65700A54C3B /* GoogleService-Info.plist in Resources */,
				F0DBC1312319B63E0042453E /* previous@2x.png in Resources */,
				F0DBC1322319B63E0042453E /* previous@3x.png in Resources */,
				F0DBC1342319B63E0042453E /* next@2x.png in Resources */,
				F0DBC1352319B63E0042453E /* next@3x.png in Resources */,
			);
			runOnlyForDeploymentPostprocessing = 0;
		};
/* End PBXResourcesBuildPhase section */

/* Begin PBXShellScriptBuildPhase section */
		4009594ADFF20C5BD58C9AD8 /* [CP] Embed Pods Frameworks */ = {
			isa = PBXShellScriptBuildPhase;
			buildActionMask = 2147483647;
			files = (
			);
			inputFileListPaths = (
				"${PODS_ROOT}/Target Support Files/Pods-Santrapol_UA/Pods-Santrapol_UA-frameworks-${CONFIGURATION}-input-files.xcfilelist",
			);
			name = "[CP] Embed Pods Frameworks";
			outputFileListPaths = (
				"${PODS_ROOT}/Target Support Files/Pods-Santrapol_UA/Pods-Santrapol_UA-frameworks-${CONFIGURATION}-output-files.xcfilelist",
			);
			runOnlyForDeploymentPostprocessing = 0;
			shellPath = /bin/sh;
			shellScript = "\"${PODS_ROOT}/Target Support Files/Pods-Santrapol_UA/Pods-Santrapol_UA-frameworks.sh\"\n";
			showEnvVarsInLog = 0;
		};
		C2C83E67D5301CDD4D14C42F /* [CP] Check Pods Manifest.lock */ = {
			isa = PBXShellScriptBuildPhase;
			buildActionMask = 2147483647;
			files = (
			);
			inputFileListPaths = (
			);
			inputPaths = (
				"${PODS_PODFILE_DIR_PATH}/Podfile.lock",
				"${PODS_ROOT}/Manifest.lock",
			);
			name = "[CP] Check Pods Manifest.lock";
			outputFileListPaths = (
			);
			outputPaths = (
				"$(DERIVED_FILE_DIR)/Pods-Santrapol_UA-checkManifestLockResult.txt",
			);
			runOnlyForDeploymentPostprocessing = 0;
			shellPath = /bin/sh;
			shellScript = "diff \"${PODS_PODFILE_DIR_PATH}/Podfile.lock\" \"${PODS_ROOT}/Manifest.lock\" > /dev/null\nif [ $? != 0 ] ; then\n    # print error to STDERR\n    echo \"error: The sandbox is not in sync with the Podfile.lock. Run 'pod install' or update your CocoaPods installation.\" >&2\n    exit 1\nfi\n# This output is used by Xcode 'outputs' to avoid re-running this script phase.\necho \"SUCCESS\" > \"${SCRIPT_OUTPUT_FILE_0}\"\n";
			showEnvVarsInLog = 0;
		};
		F912D4248917D69CB1841D92 /* [CP] Copy Pods Resources */ = {
			isa = PBXShellScriptBuildPhase;
			buildActionMask = 2147483647;
			files = (
			);
			inputFileListPaths = (
				"${PODS_ROOT}/Target Support Files/Pods-Santrapol_UA/Pods-Santrapol_UA-resources-${CONFIGURATION}-input-files.xcfilelist",
			);
			name = "[CP] Copy Pods Resources";
			outputFileListPaths = (
				"${PODS_ROOT}/Target Support Files/Pods-Santrapol_UA/Pods-Santrapol_UA-resources-${CONFIGURATION}-output-files.xcfilelist",
			);
			runOnlyForDeploymentPostprocessing = 0;
			shellPath = /bin/sh;
			shellScript = "\"${PODS_ROOT}/Target Support Files/Pods-Santrapol_UA/Pods-Santrapol_UA-resources.sh\"\n";
			showEnvVarsInLog = 0;
		};
/* End PBXShellScriptBuildPhase section */

/* Begin PBXSourcesBuildPhase section */
		E9138B61220BBF1300C6F1E0 /* Sources */ = {
			isa = PBXSourcesBuildPhase;
			buildActionMask = 2147483647;
			files = (
				F04071E52319BD260023E5E2 /* CellNames.swift in Sources */,
				E97F462A2228C79C000CC40E /* Model.swift in Sources */,
				E911D0F02241CBFD000B7BB4 /* VolunteerSignup.swift in Sources */,
				F04071CF2319BAEC0023E5E2 /* CalenderView.swift in Sources */,
				E9138B6D220BBF1300C6F1E0 /* SecondViewController.swift in Sources */,
				E911D0E9223965AB000B7BB4 /* ViewController.swift in Sources */,
				F04071E42319BD260023E5E2 /* CollectionViewCell.swift in Sources */,
				F0C9EC6E233998E200C660A5 /* Extensions.swift in Sources */,
				E9138B69220BBF1300C6F1E0 /* AppDelegate.swift in Sources */,
				A0A5A43222F270EB00828452 /* LogInEnvironment.swift in Sources */,
				A0E1729422F1120E0065186B /* IntroPage.swift in Sources */,
				F04071E62319BD260023E5E2 /* HomePage.swift in Sources */,
				E911D0C32232C80D000B7BB4 /* HomeViewController.swift in Sources */,
				E911D0EE224016E5000B7BB4 /* ResetPassword.swift in Sources */,
				F0C9EC6F233998E200C660A5 /* Pannable.swift in Sources */,
				F04071E32319BD260023E5E2 /* Artwork.swift in Sources */,
				F04071CE2319BAEC0023E5E2 /* SimpleTableCell.swift in Sources */,
				A026ACFF22F029F70099DD30 /* ConfirmationPage.swift in Sources */,
				F04071D02319BAEC0023E5E2 /* MonthView.swift in Sources */,
				E97F46282225D552000CC40E /* EventSection.swift in Sources */,
				F04071D32319BAEC0023E5E2 /* WeekdaysView.swift in Sources */,
				E911D0C1222DBBDE000B7BB4 /* ProfileViewController.swift in Sources */,
				F0C9EC6D233998E200C660A5 /* BottomSheetController.swift in Sources */,
				F04071C42319B9D00023E5E2 /* BottomSheetViewController.swift in Sources */,
				F097073523184D61002AE653 /* UnlockCode.swift in Sources */,
				F042692D22FBDD9A00A0594F /* ContactPage.swift in Sources */,
				E9138B6B220BBF1300C6F1E0 /* FirstViewController.swift in Sources */,
				A084301D22C88E48004492F5 /* ListVolunteer.swift in Sources */,
				F04071C62319B9E80023E5E2 /* CalenderVC.swift in Sources */,
				E98F285F224BC5FD00879CBF /* NavigationBar.swift in Sources */,
			);
			runOnlyForDeploymentPostprocessing = 0;
		};
/* End PBXSourcesBuildPhase section */

/* Begin PBXVariantGroup section */
		F04071D52319BB640023E5E2 /* LaunchScreen.storyboard */ = {
			isa = PBXVariantGroup;
			children = (
				F04071D62319BB640023E5E2 /* Base */,
				51A3CFA5233FDEFE0094740E /* fr */,
			);
			name = LaunchScreen.storyboard;
			sourceTree = "<group>";
		};
		F04071D72319BB640023E5E2 /* Main.storyboard */ = {
			isa = PBXVariantGroup;
			children = (
				F04071D82319BB640023E5E2 /* Base */,
				51A3CFA6233FDEFF0094740E /* fr */,
			);
			name = Main.storyboard;
			sourceTree = "<group>";
		};
/* End PBXVariantGroup section */

/* Begin XCBuildConfiguration section */
		E9138B77220BBF1700C6F1E0 /* Debug */ = {
			isa = XCBuildConfiguration;
			buildSettings = {
				ALWAYS_SEARCH_USER_PATHS = NO;
				CLANG_ANALYZER_LOCALIZABILITY_NONLOCALIZED = YES;
				CLANG_ANALYZER_NONNULL = YES;
				CLANG_ANALYZER_NUMBER_OBJECT_CONVERSION = YES_AGGRESSIVE;
				CLANG_CXX_LANGUAGE_STANDARD = "gnu++14";
				CLANG_CXX_LIBRARY = "libc++";
				CLANG_ENABLE_MODULES = YES;
				CLANG_ENABLE_OBJC_ARC = YES;
				CLANG_ENABLE_OBJC_WEAK = YES;
				CLANG_WARN_BLOCK_CAPTURE_AUTORELEASING = YES;
				CLANG_WARN_BOOL_CONVERSION = YES;
				CLANG_WARN_COMMA = YES;
				CLANG_WARN_CONSTANT_CONVERSION = YES;
				CLANG_WARN_DEPRECATED_OBJC_IMPLEMENTATIONS = YES;
				CLANG_WARN_DIRECT_OBJC_ISA_USAGE = YES_ERROR;
				CLANG_WARN_DOCUMENTATION_COMMENTS = YES;
				CLANG_WARN_EMPTY_BODY = YES;
				CLANG_WARN_ENUM_CONVERSION = YES;
				CLANG_WARN_INFINITE_RECURSION = YES;
				CLANG_WARN_INT_CONVERSION = YES;
				CLANG_WARN_NON_LITERAL_NULL_CONVERSION = YES;
				CLANG_WARN_OBJC_IMPLICIT_RETAIN_SELF = YES;
				CLANG_WARN_OBJC_LITERAL_CONVERSION = YES;
				CLANG_WARN_OBJC_ROOT_CLASS = YES_ERROR;
				CLANG_WARN_RANGE_LOOP_ANALYSIS = YES;
				CLANG_WARN_STRICT_PROTOTYPES = YES;
				CLANG_WARN_SUSPICIOUS_MOVE = YES;
				CLANG_WARN_UNGUARDED_AVAILABILITY = YES_AGGRESSIVE;
				CLANG_WARN_UNREACHABLE_CODE = YES;
				CLANG_WARN__DUPLICATE_METHOD_MATCH = YES;
				CODE_SIGN_IDENTITY = "iPhone Developer";
				COPY_PHASE_STRIP = NO;
				DEBUG_INFORMATION_FORMAT = dwarf;
				ENABLE_STRICT_OBJC_MSGSEND = YES;
				ENABLE_TESTABILITY = YES;
				GCC_C_LANGUAGE_STANDARD = gnu11;
				GCC_DYNAMIC_NO_PIC = NO;
				GCC_NO_COMMON_BLOCKS = YES;
				GCC_OPTIMIZATION_LEVEL = 0;
				GCC_PREPROCESSOR_DEFINITIONS = (
					"DEBUG=1",
					"$(inherited)",
				);
				GCC_WARN_64_TO_32_BIT_CONVERSION = YES;
				GCC_WARN_ABOUT_RETURN_TYPE = YES_ERROR;
				GCC_WARN_UNDECLARED_SELECTOR = YES;
				GCC_WARN_UNINITIALIZED_AUTOS = YES_AGGRESSIVE;
				GCC_WARN_UNUSED_FUNCTION = YES;
				GCC_WARN_UNUSED_VARIABLE = YES;
				IPHONEOS_DEPLOYMENT_TARGET = 12.1;
				MTL_ENABLE_DEBUG_INFO = INCLUDE_SOURCE;
				MTL_FAST_MATH = YES;
				ONLY_ACTIVE_ARCH = YES;
				SDKROOT = iphoneos;
				SWIFT_ACTIVE_COMPILATION_CONDITIONS = DEBUG;
				SWIFT_OPTIMIZATION_LEVEL = "-Onone";
			};
			name = Debug;
		};
		E9138B78220BBF1700C6F1E0 /* Release */ = {
			isa = XCBuildConfiguration;
			buildSettings = {
				ALWAYS_SEARCH_USER_PATHS = NO;
				CLANG_ANALYZER_LOCALIZABILITY_NONLOCALIZED = YES;
				CLANG_ANALYZER_NONNULL = YES;
				CLANG_ANALYZER_NUMBER_OBJECT_CONVERSION = YES_AGGRESSIVE;
				CLANG_CXX_LANGUAGE_STANDARD = "gnu++14";
				CLANG_CXX_LIBRARY = "libc++";
				CLANG_ENABLE_MODULES = YES;
				CLANG_ENABLE_OBJC_ARC = YES;
				CLANG_ENABLE_OBJC_WEAK = YES;
				CLANG_WARN_BLOCK_CAPTURE_AUTORELEASING = YES;
				CLANG_WARN_BOOL_CONVERSION = YES;
				CLANG_WARN_COMMA = YES;
				CLANG_WARN_CONSTANT_CONVERSION = YES;
				CLANG_WARN_DEPRECATED_OBJC_IMPLEMENTATIONS = YES;
				CLANG_WARN_DIRECT_OBJC_ISA_USAGE = YES_ERROR;
				CLANG_WARN_DOCUMENTATION_COMMENTS = YES;
				CLANG_WARN_EMPTY_BODY = YES;
				CLANG_WARN_ENUM_CONVERSION = YES;
				CLANG_WARN_INFINITE_RECURSION = YES;
				CLANG_WARN_INT_CONVERSION = YES;
				CLANG_WARN_NON_LITERAL_NULL_CONVERSION = YES;
				CLANG_WARN_OBJC_IMPLICIT_RETAIN_SELF = YES;
				CLANG_WARN_OBJC_LITERAL_CONVERSION = YES;
				CLANG_WARN_OBJC_ROOT_CLASS = YES_ERROR;
				CLANG_WARN_RANGE_LOOP_ANALYSIS = YES;
				CLANG_WARN_STRICT_PROTOTYPES = YES;
				CLANG_WARN_SUSPICIOUS_MOVE = YES;
				CLANG_WARN_UNGUARDED_AVAILABILITY = YES_AGGRESSIVE;
				CLANG_WARN_UNREACHABLE_CODE = YES;
				CLANG_WARN__DUPLICATE_METHOD_MATCH = YES;
				CODE_SIGN_IDENTITY = "iPhone Developer";
				COPY_PHASE_STRIP = NO;
				DEBUG_INFORMATION_FORMAT = "dwarf-with-dsym";
				ENABLE_NS_ASSERTIONS = NO;
				ENABLE_STRICT_OBJC_MSGSEND = YES;
				GCC_C_LANGUAGE_STANDARD = gnu11;
				GCC_NO_COMMON_BLOCKS = YES;
				GCC_WARN_64_TO_32_BIT_CONVERSION = YES;
				GCC_WARN_ABOUT_RETURN_TYPE = YES_ERROR;
				GCC_WARN_UNDECLARED_SELECTOR = YES;
				GCC_WARN_UNINITIALIZED_AUTOS = YES_AGGRESSIVE;
				GCC_WARN_UNUSED_FUNCTION = YES;
				GCC_WARN_UNUSED_VARIABLE = YES;
				IPHONEOS_DEPLOYMENT_TARGET = 12.1;
				MTL_ENABLE_DEBUG_INFO = NO;
				MTL_FAST_MATH = YES;
				SDKROOT = iphoneos;
				SWIFT_COMPILATION_MODE = wholemodule;
				SWIFT_OPTIMIZATION_LEVEL = "-O";
				VALIDATE_PRODUCT = YES;
			};
			name = Release;
		};
		E9138B7A220BBF1700C6F1E0 /* Debug */ = {
			isa = XCBuildConfiguration;
			baseConfigurationReference = 1081E7A98A95B7EEC9482BC8 /* Pods-Santrapol_UA.debug.xcconfig */;
			buildSettings = {
				ASSETCATALOG_COMPILER_APPICON_NAME = AppIcon;
				CODE_SIGN_IDENTITY = "iPhone Developer";
				CODE_SIGN_STYLE = Automatic;
				DEVELOPMENT_TEAM = V34RX5WWAU;
				INFOPLIST_FILE = Santrapol_UA/Info.plist;
				LD_RUNPATH_SEARCH_PATHS = (
					"$(inherited)",
					"@executable_path/Frameworks",
				);
				PRODUCT_BUNDLE_IDENTIFIER = "com.Anshul.Santrapol-1-UA7";
				PRODUCT_NAME = "$(TARGET_NAME)";
				PROVISIONING_PROFILE_SPECIFIER = "";
				SWIFT_VERSION = 4.2;
				TARGETED_DEVICE_FAMILY = "1,2";
			};
			name = Debug;
		};
		E9138B7B220BBF1700C6F1E0 /* Release */ = {
			isa = XCBuildConfiguration;
			baseConfigurationReference = E46FE4A73F4C825EB35B7D1D /* Pods-Santrapol_UA.release.xcconfig */;
			buildSettings = {
				ASSETCATALOG_COMPILER_APPICON_NAME = AppIcon;
				CODE_SIGN_IDENTITY = "iPhone Developer";
				CODE_SIGN_STYLE = Automatic;
				DEVELOPMENT_TEAM = V34RX5WWAU;
				INFOPLIST_FILE = Santrapol_UA/Info.plist;
				LD_RUNPATH_SEARCH_PATHS = (
					"$(inherited)",
					"@executable_path/Frameworks",
				);
				PRODUCT_BUNDLE_IDENTIFIER = "com.Anshul.Santrapol-1-UA7";
				PRODUCT_NAME = "$(TARGET_NAME)";
				PROVISIONING_PROFILE_SPECIFIER = "";
				SWIFT_VERSION = 4.2;
				TARGETED_DEVICE_FAMILY = "1,2";
			};
			name = Release;
		};
/* End XCBuildConfiguration section */

/* Begin XCConfigurationList section */
		E9138B60220BBF1300C6F1E0 /* Build configuration list for PBXProject "Santrapol_UA" */ = {
			isa = XCConfigurationList;
			buildConfigurations = (
				E9138B77220BBF1700C6F1E0 /* Debug */,
				E9138B78220BBF1700C6F1E0 /* Release */,
			);
			defaultConfigurationIsVisible = 0;
			defaultConfigurationName = Release;
		};
		E9138B79220BBF1700C6F1E0 /* Build configuration list for PBXNativeTarget "Santrapol_UA" */ = {
			isa = XCConfigurationList;
			buildConfigurations = (
				E9138B7A220BBF1700C6F1E0 /* Debug */,
				E9138B7B220BBF1700C6F1E0 /* Release */,
			);
			defaultConfigurationIsVisible = 0;
			defaultConfigurationName = Release;
		};
/* End XCConfigurationList section */
	};
	rootObject = E9138B5D220BBF1300C6F1E0 /* Project object */;
}
